// !$*UTF8*$!
{
	archiveVersion = 1;
	classes = {
	};
	objectVersion = 55;
	objects = {

/* Begin PBXBuildFile section */
		D3C60C6B2913B1D000B25029 /* UserAndPosts.swift in Sources */ = {isa = PBXBuildFile; fileRef = D3C60C6A2913B1D000B25029 /* UserAndPosts.swift */; };
		D3E25AEC2912B9EE0075C446 /* iOS_RESTful_ApiApp.swift in Sources */ = {isa = PBXBuildFile; fileRef = D3E25AEB2912B9EE0075C446 /* iOS_RESTful_ApiApp.swift */; };
		D3E25AF02912B9EF0075C446 /* Assets.xcassets in Resources */ = {isa = PBXBuildFile; fileRef = D3E25AEF2912B9EF0075C446 /* Assets.xcassets */; };
		D3E25AFB2912BA1F0075C446 /* Bundle+Extension.swift in Sources */ = {isa = PBXBuildFile; fileRef = D3E25AFA2912BA1F0075C446 /* Bundle+Extension.swift */; };
		D3E25B0A2912BA8F0075C446 /* UsersListView.swift in Sources */ = {isa = PBXBuildFile; fileRef = D3E25AFD2912BA8F0075C446 /* UsersListView.swift */; };
		D3E25B0B2912BA8F0075C446 /* User.swift in Sources */ = {isa = PBXBuildFile; fileRef = D3E25AFF2912BA8F0075C446 /* User.swift */; };
		D3E25B0C2912BA8F0075C446 /* Post.swift in Sources */ = {isa = PBXBuildFile; fileRef = D3E25B002912BA8F0075C446 /* Post.swift */; };
		D3E25B0D2912BA8F0075C446 /* UserListViewModel.swift in Sources */ = {isa = PBXBuildFile; fileRef = D3E25B022912BA8F0075C446 /* UserListViewModel.swift */; };
		D3E25B0E2912BA8F0075C446 /* users.json in Resources */ = {isa = PBXBuildFile; fileRef = D3E25B042912BA8F0075C446 /* users.json */; };
		D3E25B0F2912BA8F0075C446 /* posts.json in Resources */ = {isa = PBXBuildFile; fileRef = D3E25B052912BA8F0075C446 /* posts.json */; };
		D3E25B102912BA8F0075C446 /* Preview Assets.xcassets in Resources */ = {isa = PBXBuildFile; fileRef = D3E25B062912BA8F0075C446 /* Preview Assets.xcassets */; };
		D3E25B112912BA8F0075C446 /* FakeData.swift in Sources */ = {isa = PBXBuildFile; fileRef = D3E25B072912BA8F0075C446 /* FakeData.swift */; };
		D3E25B122912BA8F0075C446 /* APIServices.swift in Sources */ = {isa = PBXBuildFile; fileRef = D3E25B092912BA8F0075C446 /* APIServices.swift */; };
		D3E25B142912BDC20075C446 /* PostsListViewModel.swift in Sources */ = {isa = PBXBuildFile; fileRef = D3E25B132912BDC20075C446 /* PostsListViewModel.swift */; };
		D3E25B162912BFDE0075C446 /* PostsListView.swift in Sources */ = {isa = PBXBuildFile; fileRef = D3E25B152912BFDE0075C446 /* PostsListView.swift */; };
/* End PBXBuildFile section */

/* Begin PBXFileReference section */
		D3C60C6A2913B1D000B25029 /* UserAndPosts.swift */ = {isa = PBXFileReference; lastKnownFileType = sourcecode.swift; path = UserAndPosts.swift; sourceTree = "<group>"; };
		D3E25AE82912B9EE0075C446 /* iOS RESTful Api.app */ = {isa = PBXFileReference; explicitFileType = wrapper.application; includeInIndex = 0; path = "iOS RESTful Api.app"; sourceTree = BUILT_PRODUCTS_DIR; };
		D3E25AEB2912B9EE0075C446 /* iOS_RESTful_ApiApp.swift */ = {isa = PBXFileReference; lastKnownFileType = sourcecode.swift; path = iOS_RESTful_ApiApp.swift; sourceTree = "<group>"; };
		D3E25AEF2912B9EF0075C446 /* Assets.xcassets */ = {isa = PBXFileReference; lastKnownFileType = folder.assetcatalog; path = Assets.xcassets; sourceTree = "<group>"; };
		D3E25AFA2912BA1F0075C446 /* Bundle+Extension.swift */ = {isa = PBXFileReference; fileEncoding = 4; lastKnownFileType = sourcecode.swift; path = "Bundle+Extension.swift"; sourceTree = "<group>"; };
		D3E25AFD2912BA8F0075C446 /* UsersListView.swift */ = {isa = PBXFileReference; fileEncoding = 4; lastKnownFileType = sourcecode.swift; path = UsersListView.swift; sourceTree = "<group>"; };
		D3E25AFF2912BA8F0075C446 /* User.swift */ = {isa = PBXFileReference; fileEncoding = 4; lastKnownFileType = sourcecode.swift; path = User.swift; sourceTree = "<group>"; };
		D3E25B002912BA8F0075C446 /* Post.swift */ = {isa = PBXFileReference; fileEncoding = 4; lastKnownFileType = sourcecode.swift; path = Post.swift; sourceTree = "<group>"; };
		D3E25B022912BA8F0075C446 /* UserListViewModel.swift */ = {isa = PBXFileReference; fileEncoding = 4; lastKnownFileType = sourcecode.swift; path = UserListViewModel.swift; sourceTree = "<group>"; };
		D3E25B042912BA8F0075C446 /* users.json */ = {isa = PBXFileReference; fileEncoding = 4; lastKnownFileType = text.json; path = users.json; sourceTree = "<group>"; };
		D3E25B052912BA8F0075C446 /* posts.json */ = {isa = PBXFileReference; fileEncoding = 4; lastKnownFileType = text.json; path = posts.json; sourceTree = "<group>"; };
		D3E25B062912BA8F0075C446 /* Preview Assets.xcassets */ = {isa = PBXFileReference; lastKnownFileType = folder.assetcatalog; path = "Preview Assets.xcassets"; sourceTree = "<group>"; };
		D3E25B072912BA8F0075C446 /* FakeData.swift */ = {isa = PBXFileReference; fileEncoding = 4; lastKnownFileType = sourcecode.swift; path = FakeData.swift; sourceTree = "<group>"; };
		D3E25B092912BA8F0075C446 /* APIServices.swift */ = {isa = PBXFileReference; fileEncoding = 4; lastKnownFileType = sourcecode.swift; path = APIServices.swift; sourceTree = "<group>"; };
		D3E25B132912BDC20075C446 /* PostsListViewModel.swift */ = {isa = PBXFileReference; lastKnownFileType = sourcecode.swift; path = PostsListViewModel.swift; sourceTree = "<group>"; };
		D3E25B152912BFDE0075C446 /* PostsListView.swift */ = {isa = PBXFileReference; lastKnownFileType = sourcecode.swift; path = PostsListView.swift; sourceTree = "<group>"; };
/* End PBXFileReference section */

/* Begin PBXFrameworksBuildPhase section */
		D3E25AE52912B9EE0075C446 /* Frameworks */ = {
			isa = PBXFrameworksBuildPhase;
			buildActionMask = 2147483647;
			files = (
			);
			runOnlyForDeploymentPostprocessing = 0;
		};
/* End PBXFrameworksBuildPhase section */

/* Begin PBXGroup section */
		D3E25ADF2912B9EE0075C446 = {
			isa = PBXGroup;
			children = (
				D3E25AEA2912B9EE0075C446 /* iOS RESTful Api */,
				D3E25AE92912B9EE0075C446 /* Products */,
			);
			sourceTree = "<group>";
		};
		D3E25AE92912B9EE0075C446 /* Products */ = {
			isa = PBXGroup;
			children = (
				D3E25AE82912B9EE0075C446 /* iOS RESTful Api.app */,
			);
			name = Products;
			sourceTree = "<group>";
		};
		D3E25AEA2912B9EE0075C446 /* iOS RESTful Api */ = {
			isa = PBXGroup;
			children = (
				D3E25AFE2912BA8F0075C446 /* Models */,
				D3E25B012912BA8F0075C446 /* ViewModels */,
				D3E25AFC2912BA8F0075C446 /* Views */,
				D3E25AF92912BA1F0075C446 /* Extensions */,
				D3E25B082912BA8F0075C446 /* Services */,
				D3E25AEB2912B9EE0075C446 /* iOS_RESTful_ApiApp.swift */,
				D3E25AEF2912B9EF0075C446 /* Assets.xcassets */,
				D3E25B032912BA8F0075C446 /* Preview Content */,
			);
			path = "iOS RESTful Api";
			sourceTree = "<group>";
		};
		D3E25AF92912BA1F0075C446 /* Extensions */ = {
			isa = PBXGroup;
			children = (
				D3E25AFA2912BA1F0075C446 /* Bundle+Extension.swift */,
			);
			path = Extensions;
			sourceTree = "<group>";
		};
		D3E25AFC2912BA8F0075C446 /* Views */ = {
			isa = PBXGroup;
			children = (
				D3E25AFD2912BA8F0075C446 /* UsersListView.swift */,
				D3E25B152912BFDE0075C446 /* PostsListView.swift */,
			);
			path = Views;
			sourceTree = "<group>";
		};
		D3E25AFE2912BA8F0075C446 /* Models */ = {
			isa = PBXGroup;
			children = (
				D3E25AFF2912BA8F0075C446 /* User.swift */,
				D3E25B002912BA8F0075C446 /* Post.swift */,
				D3C60C6A2913B1D000B25029 /* UserAndPosts.swift */,
			);
			path = Models;
			sourceTree = "<group>";
		};
		D3E25B012912BA8F0075C446 /* ViewModels */ = {
			isa = PBXGroup;
			children = (
				D3E25B022912BA8F0075C446 /* UserListViewModel.swift */,
				D3E25B132912BDC20075C446 /* PostsListViewModel.swift */,
			);
			path = ViewModels;
			sourceTree = "<group>";
		};
		D3E25B032912BA8F0075C446 /* Preview Content */ = {
			isa = PBXGroup;
			children = (
				D3E25B042912BA8F0075C446 /* users.json */,
				D3E25B052912BA8F0075C446 /* posts.json */,
				D3E25B062912BA8F0075C446 /* Preview Assets.xcassets */,
				D3E25B072912BA8F0075C446 /* FakeData.swift */,
			);
			path = "Preview Content";
			sourceTree = "<group>";
		};
		D3E25B082912BA8F0075C446 /* Services */ = {
			isa = PBXGroup;
			children = (
				D3E25B092912BA8F0075C446 /* APIServices.swift */,
			);
			path = Services;
			sourceTree = "<group>";
		};
/* End PBXGroup section */

/* Begin PBXNativeTarget section */
		D3E25AE72912B9EE0075C446 /* iOS RESTful Api */ = {
			isa = PBXNativeTarget;
			buildConfigurationList = D3E25AF62912B9EF0075C446 /* Build configuration list for PBXNativeTarget "iOS RESTful Api" */;
			buildPhases = (
				D3E25AE42912B9EE0075C446 /* Sources */,
				D3E25AE52912B9EE0075C446 /* Frameworks */,
				D3E25AE62912B9EE0075C446 /* Resources */,
			);
			buildRules = (
			);
			dependencies = (
			);
			name = "iOS RESTful Api";
			productName = "iOS RESTful Api";
			productReference = D3E25AE82912B9EE0075C446 /* iOS RESTful Api.app */;
			productType = "com.apple.product-type.application";
		};
/* End PBXNativeTarget section */

/* Begin PBXProject section */
		D3E25AE02912B9EE0075C446 /* Project object */ = {
			isa = PBXProject;
			attributes = {
				BuildIndependentTargetsInParallel = 1;
				LastSwiftUpdateCheck = 1340;
				LastUpgradeCheck = 1340;
				TargetAttributes = {
					D3E25AE72912B9EE0075C446 = {
						CreatedOnToolsVersion = 13.4.1;
					};
				};
			};
			buildConfigurationList = D3E25AE32912B9EE0075C446 /* Build configuration list for PBXProject "iOS RESTful Api" */;
			compatibilityVersion = "Xcode 13.0";
			developmentRegion = en;
			hasScannedForEncodings = 0;
			knownRegions = (
				en,
				Base,
			);
			mainGroup = D3E25ADF2912B9EE0075C446;
			productRefGroup = D3E25AE92912B9EE0075C446 /* Products */;
			projectDirPath = "";
			projectRoot = "";
			targets = (
				D3E25AE72912B9EE0075C446 /* iOS RESTful Api */,
			);
		};
/* End PBXProject section */

/* Begin PBXResourcesBuildPhase section */
		D3E25AE62912B9EE0075C446 /* Resources */ = {
			isa = PBXResourcesBuildPhase;
			buildActionMask = 2147483647;
			files = (
				D3E25B0E2912BA8F0075C446 /* users.json in Resources */,
				D3E25B102912BA8F0075C446 /* Preview Assets.xcassets in Resources */,
				D3E25AF02912B9EF0075C446 /* Assets.xcassets in Resources */,
				D3E25B0F2912BA8F0075C446 /* posts.json in Resources */,
			);
			runOnlyForDeploymentPostprocessing = 0;
		};
/* End PBXResourcesBuildPhase section */

/* Begin PBXSourcesBuildPhase section */
		D3E25AE42912B9EE0075C446 /* Sources */ = {
			isa = PBXSourcesBuildPhase;
			buildActionMask = 2147483647;
			files = (
				D3C60C6B2913B1D000B25029 /* UserAndPosts.swift in Sources */,
				D3E25AFB2912BA1F0075C446 /* Bundle+Extension.swift in Sources */,
				D3E25B112912BA8F0075C446 /* FakeData.swift in Sources */,
				D3E25B0D2912BA8F0075C446 /* UserListViewModel.swift in Sources */,
				D3E25B142912BDC20075C446 /* PostsListViewModel.swift in Sources */,
				D3E25AEC2912B9EE0075C446 /* iOS_RESTful_ApiApp.swift in Sources */,
				D3E25B0C2912BA8F0075C446 /* Post.swift in Sources */,
				D3E25B0B2912BA8F0075C446 /* User.swift in Sources */,
				D3E25B0A2912BA8F0075C446 /* UsersListView.swift in Sources */,
				D3E25B162912BFDE0075C446 /* PostsListView.swift in Sources */,
				D3E25B122912BA8F0075C446 /* APIServices.swift in Sources */,
			);
			runOnlyForDeploymentPostprocessing = 0;
		};
/* End PBXSourcesBuildPhase section */

/* Begin XCBuildConfiguration section */
		D3E25AF42912B9EF0075C446 /* Debug */ = {
			isa = XCBuildConfiguration;
			buildSettings = {
				ALWAYS_SEARCH_USER_PATHS = NO;
				CLANG_ANALYZER_NONNULL = YES;
				CLANG_ANALYZER_NUMBER_OBJECT_CONVERSION = YES_AGGRESSIVE;
				CLANG_CXX_LANGUAGE_STANDARD = "gnu++17";
				CLANG_ENABLE_MODULES = YES;
				CLANG_ENABLE_OBJC_ARC = YES;
				CLANG_ENABLE_OBJC_WEAK = YES;
				CLANG_WARN_BLOCK_CAPTURE_AUTORELEASING = YES;
				CLANG_WARN_BOOL_CONVERSION = YES;
				CLANG_WARN_COMMA = YES;
				CLANG_WARN_CONSTANT_CONVERSION = YES;
				CLANG_WARN_DEPRECATED_OBJC_IMPLEMENTATIONS = YES;
				CLANG_WARN_DIRECT_OBJC_ISA_USAGE = YES_ERROR;
				CLANG_WARN_DOCUMENTATION_COMMENTS = YES;
				CLANG_WARN_EMPTY_BODY = YES;
				CLANG_WARN_ENUM_CONVERSION = YES;
				CLANG_WARN_INFINITE_RECURSION = YES;
				CLANG_WARN_INT_CONVERSION = YES;
				CLANG_WARN_NON_LITERAL_NULL_CONVERSION = YES;
				CLANG_WARN_OBJC_IMPLICIT_RETAIN_SELF = YES;
				CLANG_WARN_OBJC_LITERAL_CONVERSION = YES;
				CLANG_WARN_OBJC_ROOT_CLASS = YES_ERROR;
				CLANG_WARN_QUOTED_INCLUDE_IN_FRAMEWORK_HEADER = YES;
				CLANG_WARN_RANGE_LOOP_ANALYSIS = YES;
				CLANG_WARN_STRICT_PROTOTYPES = YES;
				CLANG_WARN_SUSPICIOUS_MOVE = YES;
				CLANG_WARN_UNGUARDED_AVAILABILITY = YES_AGGRESSIVE;
				CLANG_WARN_UNREACHABLE_CODE = YES;
				CLANG_WARN__DUPLICATE_METHOD_MATCH = YES;
				COPY_PHASE_STRIP = NO;
				DEBUG_INFORMATION_FORMAT = dwarf;
				ENABLE_STRICT_OBJC_MSGSEND = YES;
				ENABLE_TESTABILITY = YES;
				GCC_C_LANGUAGE_STANDARD = gnu11;
				GCC_DYNAMIC_NO_PIC = NO;
				GCC_NO_COMMON_BLOCKS = YES;
				GCC_OPTIMIZATION_LEVEL = 0;
				GCC_PREPROCESSOR_DEFINITIONS = (
					"DEBUG=1",
					"$(inherited)",
				);
				GCC_WARN_64_TO_32_BIT_CONVERSION = YES;
				GCC_WARN_ABOUT_RETURN_TYPE = YES_ERROR;
				GCC_WARN_UNDECLARED_SELECTOR = YES;
				GCC_WARN_UNINITIALIZED_AUTOS = YES_AGGRESSIVE;
				GCC_WARN_UNUSED_FUNCTION = YES;
				GCC_WARN_UNUSED_VARIABLE = YES;
				IPHONEOS_DEPLOYMENT_TARGET = 15.5;
				MTL_ENABLE_DEBUG_INFO = INCLUDE_SOURCE;
				MTL_FAST_MATH = YES;
				ONLY_ACTIVE_ARCH = YES;
				SDKROOT = iphoneos;
				SWIFT_ACTIVE_COMPILATION_CONDITIONS = DEBUG;
				SWIFT_OPTIMIZATION_LEVEL = "-Onone";
			};
			name = Debug;
		};
		D3E25AF52912B9EF0075C446 /* Release */ = {
			isa = XCBuildConfiguration;
			buildSettings = {
				ALWAYS_SEARCH_USER_PATHS = NO;
				CLANG_ANALYZER_NONNULL = YES;
				CLANG_ANALYZER_NUMBER_OBJECT_CONVERSION = YES_AGGRESSIVE;
				CLANG_CXX_LANGUAGE_STANDARD = "gnu++17";
				CLANG_ENABLE_MODULES = YES;
				CLANG_ENABLE_OBJC_ARC = YES;
				CLANG_ENABLE_OBJC_WEAK = YES;
				CLANG_WARN_BLOCK_CAPTURE_AUTORELEASING = YES;
				CLANG_WARN_BOOL_CONVERSION = YES;
				CLANG_WARN_COMMA = YES;
				CLANG_WARN_CONSTANT_CONVERSION = YES;
				CLANG_WARN_DEPRECATED_OBJC_IMPLEMENTATIONS = YES;
				CLANG_WARN_DIRECT_OBJC_ISA_USAGE = YES_ERROR;
				CLANG_WARN_DOCUMENTATION_COMMENTS = YES;
				CLANG_WARN_EMPTY_BODY = YES;
				CLANG_WARN_ENUM_CONVERSION = YES;
				CLANG_WARN_INFINITE_RECURSION = YES;
				CLANG_WARN_INT_CONVERSION = YES;
				CLANG_WARN_NON_LITERAL_NULL_CONVERSION = YES;
				CLANG_WARN_OBJC_IMPLICIT_RETAIN_SELF = YES;
				CLANG_WARN_OBJC_LITERAL_CONVERSION = YES;
				CLANG_WARN_OBJC_ROOT_CLASS = YES_ERROR;
				CLANG_WARN_QUOTED_INCLUDE_IN_FRAMEWORK_HEADER = YES;
				CLANG_WARN_RANGE_LOOP_ANALYSIS = YES;
				CLANG_WARN_STRICT_PROTOTYPES = YES;
				CLANG_WARN_SUSPICIOUS_MOVE = YES;
				CLANG_WARN_UNGUARDED_AVAILABILITY = YES_AGGRESSIVE;
				CLANG_WARN_UNREACHABLE_CODE = YES;
				CLANG_WARN__DUPLICATE_METHOD_MATCH = YES;
				COPY_PHASE_STRIP = NO;
				DEBUG_INFORMATION_FORMAT = "dwarf-with-dsym";
				ENABLE_NS_ASSERTIONS = NO;
				ENABLE_STRICT_OBJC_MSGSEND = YES;
				GCC_C_LANGUAGE_STANDARD = gnu11;
				GCC_NO_COMMON_BLOCKS = YES;
				GCC_WARN_64_TO_32_BIT_CONVERSION = YES;
				GCC_WARN_ABOUT_RETURN_TYPE = YES_ERROR;
				GCC_WARN_UNDECLARED_SELECTOR = YES;
				GCC_WARN_UNINITIALIZED_AUTOS = YES_AGGRESSIVE;
				GCC_WARN_UNUSED_FUNCTION = YES;
				GCC_WARN_UNUSED_VARIABLE = YES;
				IPHONEOS_DEPLOYMENT_TARGET = 15.5;
				MTL_ENABLE_DEBUG_INFO = NO;
				MTL_FAST_MATH = YES;
				SDKROOT = iphoneos;
				SWIFT_COMPILATION_MODE = wholemodule;
				SWIFT_OPTIMIZATION_LEVEL = "-O";
				VALIDATE_PRODUCT = YES;
			};
			name = Release;
		};
		D3E25AF72912B9EF0075C446 /* Debug */ = {
			isa = XCBuildConfiguration;
			buildSettings = {
				ASSETCATALOG_COMPILER_APPICON_NAME = AppIcon;
				ASSETCATALOG_COMPILER_GLOBAL_ACCENT_COLOR_NAME = AccentColor;
				CODE_SIGN_STYLE = Automatic;
				CURRENT_PROJECT_VERSION = 1;
				DEVELOPMENT_ASSET_PATHS = "\"iOS RESTful Api/Preview Content\"";
				DEVELOPMENT_TEAM = DHZXC2ZXP6;
				ENABLE_PREVIEWS = YES;
				GENERATE_INFOPLIST_FILE = YES;
				INFOPLIST_KEY_UIApplicationSceneManifest_Generation = YES;
				INFOPLIST_KEY_UIApplicationSupportsIndirectInputEvents = YES;
				INFOPLIST_KEY_UILaunchScreen_Generation = YES;
				INFOPLIST_KEY_UISupportedInterfaceOrientations_iPad = "UIInterfaceOrientationPortrait UIInterfaceOrientationPortraitUpsideDown UIInterfaceOrientationLandscapeLeft UIInterfaceOrientationLandscapeRight";
				INFOPLIST_KEY_UISupportedInterfaceOrientations_iPhone = "UIInterfaceOrientationPortrait UIInterfaceOrientationLandscapeLeft UIInterfaceOrientationLandscapeRight";
				IPHONEOS_DEPLOYMENT_TARGET = 15.4;
				LD_RUNPATH_SEARCH_PATHS = (
					"$(inherited)",
					"@executable_path/Frameworks",
				);
				MARKETING_VERSION = 1.0;
				PRODUCT_BUNDLE_IDENTIFIER = "com.sefax.iOS-RESTful-Api";
				PRODUCT_NAME = "iOS RESTful Api";
				SWIFT_EMIT_LOC_STRINGS = YES;
				SWIFT_VERSION = 5.0;
				TARGETED_DEVICE_FAMILY = "1,2";
			};
			name = Debug;
		};
		D3E25AF82912B9EF0075C446 /* Release */ = {
			isa = XCBuildConfiguration;
			buildSettings = {
				ASSETCATALOG_COMPILER_APPICON_NAME = AppIcon;
				ASSETCATALOG_COMPILER_GLOBAL_ACCENT_COLOR_NAME = AccentColor;
				CODE_SIGN_STYLE = Automatic;
				CURRENT_PROJECT_VERSION = 1;
				DEVELOPMENT_ASSET_PATHS = "\"iOS RESTful Api/Preview Content\"";
				DEVELOPMENT_TEAM = DHZXC2ZXP6;
				ENABLE_PREVIEWS = YES;
				GENERATE_INFOPLIST_FILE = YES;
				INFOPLIST_KEY_UIApplicationSceneManifest_Generation = YES;
				INFOPLIST_KEY_UIApplicationSupportsIndirectInputEvents = YES;
				INFOPLIST_KEY_UILaunchScreen_Generation = YES;
				INFOPLIST_KEY_UISupportedInterfaceOrientations_iPad = "UIInterfaceOrientationPortrait UIInterfaceOrientationPortraitUpsideDown UIInterfaceOrientationLandscapeLeft UIInterfaceOrientationLandscapeRight";
				INFOPLIST_KEY_UISupportedInterfaceOrientations_iPhone = "UIInterfaceOrientationPortrait UIInterfaceOrientationLandscapeLeft UIInterfaceOrientationLandscapeRight";
				IPHONEOS_DEPLOYMENT_TARGET = 15.4;
				LD_RUNPATH_SEARCH_PATHS = (
					"$(inherited)",
					"@executable_path/Frameworks",
				);
				MARKETING_VERSION = 1.0;
				PRODUCT_BUNDLE_IDENTIFIER = "com.sefax.iOS-RESTful-Api";
				PRODUCT_NAME = "iOS RESTful Api";
				SWIFT_EMIT_LOC_STRINGS = YES;
				SWIFT_VERSION = 5.0;
				TARGETED_DEVICE_FAMILY = "1,2";
			};
			name = Release;
		};
/* End XCBuildConfiguration section */

/* Begin XCConfigurationList section */
		D3E25AE32912B9EE0075C446 /* Build configuration list for PBXProject "iOS RESTful Api" */ = {
			isa = XCConfigurationList;
			buildConfigurations = (
				D3E25AF42912B9EF0075C446 /* Debug */,
				D3E25AF52912B9EF0075C446 /* Release */,
			);
			defaultConfigurationIsVisible = 0;
			defaultConfigurationName = Release;
		};
		D3E25AF62912B9EF0075C446 /* Build configuration list for PBXNativeTarget "iOS RESTful Api" */ = {
			isa = XCConfigurationList;
			buildConfigurations = (
				D3E25AF72912B9EF0075C446 /* Debug */,
				D3E25AF82912B9EF0075C446 /* Release */,
			);
			defaultConfigurationIsVisible = 0;
			defaultConfigurationName = Release;
		};
/* End XCConfigurationList section */
	};
	rootObject = D3E25AE02912B9EE0075C446 /* Project object */;
}
